// !$*UTF8*$!
{
	archiveVersion = 1;
	classes = {
	};
	objectVersion = 50;
	objects = {

/* Begin PBXBuildFile section */
		765012B426692D7E000B3BC8 /* AppDelegate.swift in Sources */ = {isa = PBXBuildFile; fileRef = 765012B326692D7E000B3BC8 /* AppDelegate.swift */; };
		765012B626692D7E000B3BC8 /* SceneDelegate.swift in Sources */ = {isa = PBXBuildFile; fileRef = 765012B526692D7E000B3BC8 /* SceneDelegate.swift */; };
		765012B826692D7E000B3BC8 /* HomeViewController.swift in Sources */ = {isa = PBXBuildFile; fileRef = 765012B726692D7E000B3BC8 /* HomeViewController.swift */; };
		765012BD26692D81000B3BC8 /* Assets.xcassets in Resources */ = {isa = PBXBuildFile; fileRef = 765012BC26692D81000B3BC8 /* Assets.xcassets */; };
		765012C026692D81000B3BC8 /* LaunchScreen.storyboard in Resources */ = {isa = PBXBuildFile; fileRef = 765012BE26692D81000B3BC8 /* LaunchScreen.storyboard */; };
		765012D126693268000B3BC8 /* TabBarViewController.swift in Sources */ = {isa = PBXBuildFile; fileRef = 765012D026693268000B3BC8 /* TabBarViewController.swift */; };
		765012D526693308000B3BC8 /* SearchViewController.swift in Sources */ = {isa = PBXBuildFile; fileRef = 765012D426693308000B3BC8 /* SearchViewController.swift */; };
		765012D826693329000B3BC8 /* LibraryViewController.swift in Sources */ = {isa = PBXBuildFile; fileRef = 765012D726693329000B3BC8 /* LibraryViewController.swift */; };
		765012DE2669351F000B3BC8 /* AuthViewController.swift in Sources */ = {isa = PBXBuildFile; fileRef = 765012DD2669351F000B3BC8 /* AuthViewController.swift */; };
		765012E12669352D000B3BC8 /* WelcomeViewController.swift in Sources */ = {isa = PBXBuildFile; fileRef = 765012E02669352D000B3BC8 /* WelcomeViewController.swift */; };
		765012E426693542000B3BC8 /* SettingViewController.swift in Sources */ = {isa = PBXBuildFile; fileRef = 765012E326693542000B3BC8 /* SettingViewController.swift */; };
		765012E726693553000B3BC8 /* ProfileViewController.swift in Sources */ = {isa = PBXBuildFile; fileRef = 765012E626693553000B3BC8 /* ProfileViewController.swift */; };
		765012EA26693561000B3BC8 /* PlayerViewController.swift in Sources */ = {isa = PBXBuildFile; fileRef = 765012E926693561000B3BC8 /* PlayerViewController.swift */; };
		765012ED26693572000B3BC8 /* PlaylistViewController.swift in Sources */ = {isa = PBXBuildFile; fileRef = 765012EC26693572000B3BC8 /* PlaylistViewController.swift */; };
		765012F026693598000B3BC8 /* SearchResultViewController.swift in Sources */ = {isa = PBXBuildFile; fileRef = 765012EF26693598000B3BC8 /* SearchResultViewController.swift */; };
		765012F326693600000B3BC8 /* AuthManager.swift in Sources */ = {isa = PBXBuildFile; fileRef = 765012F226693600000B3BC8 /* AuthManager.swift */; };
		765012F626693616000B3BC8 /* APICaller.swift in Sources */ = {isa = PBXBuildFile; fileRef = 765012F526693616000B3BC8 /* APICaller.swift */; };
		765012F92669362C000B3BC8 /* HapticsManager.swift in Sources */ = {isa = PBXBuildFile; fileRef = 765012F82669362C000B3BC8 /* HapticsManager.swift */; };
		765012FC26693656000B3BC8 /* Playlist.swift in Sources */ = {isa = PBXBuildFile; fileRef = 765012FB26693656000B3BC8 /* Playlist.swift */; };
		765012FF26693664000B3BC8 /* AudioTrack.swift in Sources */ = {isa = PBXBuildFile; fileRef = 765012FE26693664000B3BC8 /* AudioTrack.swift */; };
		7650130226693673000B3BC8 /* Artist.swift in Sources */ = {isa = PBXBuildFile; fileRef = 7650130126693673000B3BC8 /* Artist.swift */; };
		7650130526693682000B3BC8 /* UserProfile.swift in Sources */ = {isa = PBXBuildFile; fileRef = 7650130426693682000B3BC8 /* UserProfile.swift */; };
/* End PBXBuildFile section */

/* Begin PBXFileReference section */
		765012B026692D7E000B3BC8 /* Spotify.app */ = {isa = PBXFileReference; explicitFileType = wrapper.application; includeInIndex = 0; path = Spotify.app; sourceTree = BUILT_PRODUCTS_DIR; };
		765012B326692D7E000B3BC8 /* AppDelegate.swift */ = {isa = PBXFileReference; lastKnownFileType = sourcecode.swift; path = AppDelegate.swift; sourceTree = "<group>"; };
		765012B526692D7E000B3BC8 /* SceneDelegate.swift */ = {isa = PBXFileReference; lastKnownFileType = sourcecode.swift; path = SceneDelegate.swift; sourceTree = "<group>"; };
		765012B726692D7E000B3BC8 /* HomeViewController.swift */ = {isa = PBXFileReference; lastKnownFileType = sourcecode.swift; path = HomeViewController.swift; sourceTree = "<group>"; };
		765012BC26692D81000B3BC8 /* Assets.xcassets */ = {isa = PBXFileReference; lastKnownFileType = folder.assetcatalog; path = Assets.xcassets; sourceTree = "<group>"; };
		765012BF26692D81000B3BC8 /* Base */ = {isa = PBXFileReference; lastKnownFileType = file.storyboard; name = Base; path = Base.lproj/LaunchScreen.storyboard; sourceTree = "<group>"; };
		765012C126692D81000B3BC8 /* Info.plist */ = {isa = PBXFileReference; lastKnownFileType = text.plist.xml; path = Info.plist; sourceTree = "<group>"; };
		765012D026693268000B3BC8 /* TabBarViewController.swift */ = {isa = PBXFileReference; lastKnownFileType = sourcecode.swift; path = TabBarViewController.swift; sourceTree = "<group>"; };
		765012D426693308000B3BC8 /* SearchViewController.swift */ = {isa = PBXFileReference; lastKnownFileType = sourcecode.swift; path = SearchViewController.swift; sourceTree = "<group>"; };
		765012D726693329000B3BC8 /* LibraryViewController.swift */ = {isa = PBXFileReference; lastKnownFileType = sourcecode.swift; path = LibraryViewController.swift; sourceTree = "<group>"; };
		765012DD2669351F000B3BC8 /* AuthViewController.swift */ = {isa = PBXFileReference; lastKnownFileType = sourcecode.swift; path = AuthViewController.swift; sourceTree = "<group>"; };
		765012E02669352D000B3BC8 /* WelcomeViewController.swift */ = {isa = PBXFileReference; lastKnownFileType = sourcecode.swift; path = WelcomeViewController.swift; sourceTree = "<group>"; };
		765012E326693542000B3BC8 /* SettingViewController.swift */ = {isa = PBXFileReference; lastKnownFileType = sourcecode.swift; path = SettingViewController.swift; sourceTree = "<group>"; };
		765012E626693553000B3BC8 /* ProfileViewController.swift */ = {isa = PBXFileReference; lastKnownFileType = sourcecode.swift; path = ProfileViewController.swift; sourceTree = "<group>"; };
		765012E926693561000B3BC8 /* PlayerViewController.swift */ = {isa = PBXFileReference; lastKnownFileType = sourcecode.swift; path = PlayerViewController.swift; sourceTree = "<group>"; };
		765012EC26693572000B3BC8 /* PlaylistViewController.swift */ = {isa = PBXFileReference; lastKnownFileType = sourcecode.swift; path = PlaylistViewController.swift; sourceTree = "<group>"; };
		765012EF26693598000B3BC8 /* SearchResultViewController.swift */ = {isa = PBXFileReference; lastKnownFileType = sourcecode.swift; path = SearchResultViewController.swift; sourceTree = "<group>"; };
		765012F226693600000B3BC8 /* AuthManager.swift */ = {isa = PBXFileReference; lastKnownFileType = sourcecode.swift; path = AuthManager.swift; sourceTree = "<group>"; };
		765012F526693616000B3BC8 /* APICaller.swift */ = {isa = PBXFileReference; lastKnownFileType = sourcecode.swift; path = APICaller.swift; sourceTree = "<group>"; };
		765012F82669362C000B3BC8 /* HapticsManager.swift */ = {isa = PBXFileReference; lastKnownFileType = sourcecode.swift; path = HapticsManager.swift; sourceTree = "<group>"; };
		765012FB26693656000B3BC8 /* Playlist.swift */ = {isa = PBXFileReference; lastKnownFileType = sourcecode.swift; path = Playlist.swift; sourceTree = "<group>"; };
		765012FE26693664000B3BC8 /* AudioTrack.swift */ = {isa = PBXFileReference; lastKnownFileType = sourcecode.swift; path = AudioTrack.swift; sourceTree = "<group>"; };
		7650130126693673000B3BC8 /* Artist.swift */ = {isa = PBXFileReference; lastKnownFileType = sourcecode.swift; path = Artist.swift; sourceTree = "<group>"; };
		7650130426693682000B3BC8 /* UserProfile.swift */ = {isa = PBXFileReference; lastKnownFileType = sourcecode.swift; path = UserProfile.swift; sourceTree = "<group>"; };
/* End PBXFileReference section */

/* Begin PBXFrameworksBuildPhase section */
		765012AD26692D7E000B3BC8 /* Frameworks */ = {
			isa = PBXFrameworksBuildPhase;
			buildActionMask = 2147483647;
			files = (
			);
			runOnlyForDeploymentPostprocessing = 0;
		};
/* End PBXFrameworksBuildPhase section */

/* Begin PBXGroup section */
		765012A726692D7E000B3BC8 = {
			isa = PBXGroup;
			children = (
				765012B226692D7E000B3BC8 /* Spotify */,
				765012B126692D7E000B3BC8 /* Products */,
			);
			sourceTree = "<group>";
		};
		765012B126692D7E000B3BC8 /* Products */ = {
			isa = PBXGroup;
			children = (
				765012B026692D7E000B3BC8 /* Spotify.app */,
			);
			name = Products;
			sourceTree = "<group>";
		};
		765012B226692D7E000B3BC8 /* Spotify */ = {
			isa = PBXGroup;
			children = (
				765012CC26692DF4000B3BC8 /* Resources */,
				765012CB26692DCD000B3BC8 /* Managers */,
				765012CA26692DBE000B3BC8 /* ViewModels */,
				765012CE26692EB2000B3BC8 /* Models */,
				765012C926692DB2000B3BC8 /* View */,
				765012C826692DA6000B3BC8 /* Controllers */,
				765012C126692D81000B3BC8 /* Info.plist */,
			);
			path = Spotify;
			sourceTree = "<group>";
		};
		765012C826692DA6000B3BC8 /* Controllers */ = {
			isa = PBXGroup;
			children = (
				765012DC26693509000B3BC8 /* Other */,
				765012DA26693337000B3BC8 /* Core */,
			);
			path = Controllers;
			sourceTree = "<group>";
		};
		765012C926692DB2000B3BC8 /* View */ = {
			isa = PBXGroup;
			children = (
				765012BE26692D81000B3BC8 /* LaunchScreen.storyboard */,
			);
			path = View;
			sourceTree = "<group>";
		};
		765012CA26692DBE000B3BC8 /* ViewModels */ = {
			isa = PBXGroup;
			children = (
			);
			path = ViewModels;
			sourceTree = "<group>";
		};
		765012CB26692DCD000B3BC8 /* Managers */ = {
			isa = PBXGroup;
			children = (
				765012F226693600000B3BC8 /* AuthManager.swift */,
				765012F526693616000B3BC8 /* APICaller.swift */,
				765012F82669362C000B3BC8 /* HapticsManager.swift */,
			);
			path = Managers;
			sourceTree = "<group>";
		};
		765012CC26692DF4000B3BC8 /* Resources */ = {
			isa = PBXGroup;
			children = (
				765012B326692D7E000B3BC8 /* AppDelegate.swift */,
				765012B526692D7E000B3BC8 /* SceneDelegate.swift */,
				765012BC26692D81000B3BC8 /* Assets.xcassets */,
			);
			path = Resources;
			sourceTree = "<group>";
		};
		765012CE26692EB2000B3BC8 /* Models */ = {
			isa = PBXGroup;
			children = (
				765012FB26693656000B3BC8 /* Playlist.swift */,
				765012FE26693664000B3BC8 /* AudioTrack.swift */,
				7650130126693673000B3BC8 /* Artist.swift */,
				7650130426693682000B3BC8 /* UserProfile.swift */,
			);
			path = Models;
			sourceTree = "<group>";
		};
		765012DA26693337000B3BC8 /* Core */ = {
			isa = PBXGroup;
			children = (
				765012D026693268000B3BC8 /* TabBarViewController.swift */,
				765012B726692D7E000B3BC8 /* HomeViewController.swift */,
				765012D426693308000B3BC8 /* SearchViewController.swift */,
				765012D726693329000B3BC8 /* LibraryViewController.swift */,
			);
			path = Core;
			sourceTree = "<group>";
		};
		765012DC26693509000B3BC8 /* Other */ = {
			isa = PBXGroup;
			children = (
				765012DD2669351F000B3BC8 /* AuthViewController.swift */,
				765012E02669352D000B3BC8 /* WelcomeViewController.swift */,
				765012E326693542000B3BC8 /* SettingViewController.swift */,
				765012E626693553000B3BC8 /* ProfileViewController.swift */,
				765012E926693561000B3BC8 /* PlayerViewController.swift */,
				765012EC26693572000B3BC8 /* PlaylistViewController.swift */,
				765012EF26693598000B3BC8 /* SearchResultViewController.swift */,
			);
			path = Other;
			sourceTree = "<group>";
		};
/* End PBXGroup section */

/* Begin PBXNativeTarget section */
		765012AF26692D7E000B3BC8 /* Spotify */ = {
			isa = PBXNativeTarget;
			buildConfigurationList = 765012C426692D81000B3BC8 /* Build configuration list for PBXNativeTarget "Spotify" */;
			buildPhases = (
				765012AC26692D7E000B3BC8 /* Sources */,
				765012AD26692D7E000B3BC8 /* Frameworks */,
				765012AE26692D7E000B3BC8 /* Resources */,
			);
			buildRules = (
			);
			dependencies = (
			);
			name = Spotify;
			productName = Spotify;
			productReference = 765012B026692D7E000B3BC8 /* Spotify.app */;
			productType = "com.apple.product-type.application";
		};
/* End PBXNativeTarget section */

/* Begin PBXProject section */
		765012A826692D7E000B3BC8 /* Project object */ = {
			isa = PBXProject;
			attributes = {
				LastSwiftUpdateCheck = 1240;
				LastUpgradeCheck = 1240;
				TargetAttributes = {
					765012AF26692D7E000B3BC8 = {
						CreatedOnToolsVersion = 12.4;
					};
				};
			};
			buildConfigurationList = 765012AB26692D7E000B3BC8 /* Build configuration list for PBXProject "Spotify" */;
			compatibilityVersion = "Xcode 9.3";
			developmentRegion = en;
			hasScannedForEncodings = 0;
			knownRegions = (
				en,
				Base,
			);
			mainGroup = 765012A726692D7E000B3BC8;
			productRefGroup = 765012B126692D7E000B3BC8 /* Products */;
			projectDirPath = "";
			projectRoot = "";
			targets = (
				765012AF26692D7E000B3BC8 /* Spotify */,
			);
		};
/* End PBXProject section */

/* Begin PBXResourcesBuildPhase section */
		765012AE26692D7E000B3BC8 /* Resources */ = {
			isa = PBXResourcesBuildPhase;
			buildActionMask = 2147483647;
			files = (
				765012C026692D81000B3BC8 /* LaunchScreen.storyboard in Resources */,
				765012BD26692D81000B3BC8 /* Assets.xcassets in Resources */,
			);
			runOnlyForDeploymentPostprocessing = 0;
		};
/* End PBXResourcesBuildPhase section */

/* Begin PBXSourcesBuildPhase section */
		765012AC26692D7E000B3BC8 /* Sources */ = {
			isa = PBXSourcesBuildPhase;
			buildActionMask = 2147483647;
			files = (
				765012D526693308000B3BC8 /* SearchViewController.swift in Sources */,
				765012FC26693656000B3BC8 /* Playlist.swift in Sources */,
				765012F326693600000B3BC8 /* AuthManager.swift in Sources */,
				765012E12669352D000B3BC8 /* WelcomeViewController.swift in Sources */,
				765012E726693553000B3BC8 /* ProfileViewController.swift in Sources */,
				765012D126693268000B3BC8 /* TabBarViewController.swift in Sources */,
				765012B826692D7E000B3BC8 /* HomeViewController.swift in Sources */,
				765012F92669362C000B3BC8 /* HapticsManager.swift in Sources */,
				765012FF26693664000B3BC8 /* AudioTrack.swift in Sources */,
				765012DE2669351F000B3BC8 /* AuthViewController.swift in Sources */,
				765012E426693542000B3BC8 /* SettingViewController.swift in Sources */,
				765012B426692D7E000B3BC8 /* AppDelegate.swift in Sources */,
				7650130526693682000B3BC8 /* UserProfile.swift in Sources */,
				765012ED26693572000B3BC8 /* PlaylistViewController.swift in Sources */,
				7650130226693673000B3BC8 /* Artist.swift in Sources */,
				765012D826693329000B3BC8 /* LibraryViewController.swift in Sources */,
				765012EA26693561000B3BC8 /* PlayerViewController.swift in Sources */,
				765012F026693598000B3BC8 /* SearchResultViewController.swift in Sources */,
				765012F626693616000B3BC8 /* APICaller.swift in Sources */,
				765012B626692D7E000B3BC8 /* SceneDelegate.swift in Sources */,
			);
			runOnlyForDeploymentPostprocessing = 0;
		};
/* End PBXSourcesBuildPhase section */

/* Begin PBXVariantGroup section */
		765012BE26692D81000B3BC8 /* LaunchScreen.storyboard */ = {
			isa = PBXVariantGroup;
			children = (
				765012BF26692D81000B3BC8 /* Base */,
			);
			name = LaunchScreen.storyboard;
			sourceTree = "<group>";
		};
/* End PBXVariantGroup section */

/* Begin XCBuildConfiguration section */
		765012C226692D81000B3BC8 /* Debug */ = {
			isa = XCBuildConfiguration;
			buildSettings = {
				ALWAYS_SEARCH_USER_PATHS = NO;
				CLANG_ANALYZER_NONNULL = YES;
				CLANG_ANALYZER_NUMBER_OBJECT_CONVERSION = YES_AGGRESSIVE;
				CLANG_CXX_LANGUAGE_STANDARD = "gnu++14";
				CLANG_CXX_LIBRARY = "libc++";
				CLANG_ENABLE_MODULES = YES;
				CLANG_ENABLE_OBJC_ARC = YES;
				CLANG_ENABLE_OBJC_WEAK = YES;
				CLANG_WARN_BLOCK_CAPTURE_AUTORELEASING = YES;
				CLANG_WARN_BOOL_CONVERSION = YES;
				CLANG_WARN_COMMA = YES;
				CLANG_WARN_CONSTANT_CONVERSION = YES;
				CLANG_WARN_DEPRECATED_OBJC_IMPLEMENTATIONS = YES;
				CLANG_WARN_DIRECT_OBJC_ISA_USAGE = YES_ERROR;
				CLANG_WARN_DOCUMENTATION_COMMENTS = YES;
				CLANG_WARN_EMPTY_BODY = YES;
				CLANG_WARN_ENUM_CONVERSION = YES;
				CLANG_WARN_INFINITE_RECURSION = YES;
				CLANG_WARN_INT_CONVERSION = YES;
				CLANG_WARN_NON_LITERAL_NULL_CONVERSION = YES;
				CLANG_WARN_OBJC_IMPLICIT_RETAIN_SELF = YES;
				CLANG_WARN_OBJC_LITERAL_CONVERSION = YES;
				CLANG_WARN_OBJC_ROOT_CLASS = YES_ERROR;
				CLANG_WARN_QUOTED_INCLUDE_IN_FRAMEWORK_HEADER = YES;
				CLANG_WARN_RANGE_LOOP_ANALYSIS = YES;
				CLANG_WARN_STRICT_PROTOTYPES = YES;
				CLANG_WARN_SUSPICIOUS_MOVE = YES;
				CLANG_WARN_UNGUARDED_AVAILABILITY = YES_AGGRESSIVE;
				CLANG_WARN_UNREACHABLE_CODE = YES;
				CLANG_WARN__DUPLICATE_METHOD_MATCH = YES;
				COPY_PHASE_STRIP = NO;
				DEBUG_INFORMATION_FORMAT = dwarf;
				ENABLE_STRICT_OBJC_MSGSEND = YES;
				ENABLE_TESTABILITY = YES;
				GCC_C_LANGUAGE_STANDARD = gnu11;
				GCC_DYNAMIC_NO_PIC = NO;
				GCC_NO_COMMON_BLOCKS = YES;
				GCC_OPTIMIZATION_LEVEL = 0;
				GCC_PREPROCESSOR_DEFINITIONS = (
					"DEBUG=1",
					"$(inherited)",
				);
				GCC_WARN_64_TO_32_BIT_CONVERSION = YES;
				GCC_WARN_ABOUT_RETURN_TYPE = YES_ERROR;
				GCC_WARN_UNDECLARED_SELECTOR = YES;
				GCC_WARN_UNINITIALIZED_AUTOS = YES_AGGRESSIVE;
				GCC_WARN_UNUSED_FUNCTION = YES;
				GCC_WARN_UNUSED_VARIABLE = YES;
				IPHONEOS_DEPLOYMENT_TARGET = 14.4;
				MTL_ENABLE_DEBUG_INFO = INCLUDE_SOURCE;
				MTL_FAST_MATH = YES;
				ONLY_ACTIVE_ARCH = YES;
				SDKROOT = iphoneos;
				SWIFT_ACTIVE_COMPILATION_CONDITIONS = DEBUG;
				SWIFT_OPTIMIZATION_LEVEL = "-Onone";
			};
			name = Debug;
		};
		765012C326692D81000B3BC8 /* Release */ = {
			isa = XCBuildConfiguration;
			buildSettings = {
				ALWAYS_SEARCH_USER_PATHS = NO;
				CLANG_ANALYZER_NONNULL = YES;
				CLANG_ANALYZER_NUMBER_OBJECT_CONVERSION = YES_AGGRESSIVE;
				CLANG_CXX_LANGUAGE_STANDARD = "gnu++14";
				CLANG_CXX_LIBRARY = "libc++";
				CLANG_ENABLE_MODULES = YES;
				CLANG_ENABLE_OBJC_ARC = YES;
				CLANG_ENABLE_OBJC_WEAK = YES;
				CLANG_WARN_BLOCK_CAPTURE_AUTORELEASING = YES;
				CLANG_WARN_BOOL_CONVERSION = YES;
				CLANG_WARN_COMMA = YES;
				CLANG_WARN_CONSTANT_CONVERSION = YES;
				CLANG_WARN_DEPRECATED_OBJC_IMPLEMENTATIONS = YES;
				CLANG_WARN_DIRECT_OBJC_ISA_USAGE = YES_ERROR;
				CLANG_WARN_DOCUMENTATION_COMMENTS = YES;
				CLANG_WARN_EMPTY_BODY = YES;
				CLANG_WARN_ENUM_CONVERSION = YES;
				CLANG_WARN_INFINITE_RECURSION = YES;
				CLANG_WARN_INT_CONVERSION = YES;
				CLANG_WARN_NON_LITERAL_NULL_CONVERSION = YES;
				CLANG_WARN_OBJC_IMPLICIT_RETAIN_SELF = YES;
				CLANG_WARN_OBJC_LITERAL_CONVERSION = YES;
				CLANG_WARN_OBJC_ROOT_CLASS = YES_ERROR;
				CLANG_WARN_QUOTED_INCLUDE_IN_FRAMEWORK_HEADER = YES;
				CLANG_WARN_RANGE_LOOP_ANALYSIS = YES;
				CLANG_WARN_STRICT_PROTOTYPES = YES;
				CLANG_WARN_SUSPICIOUS_MOVE = YES;
				CLANG_WARN_UNGUARDED_AVAILABILITY = YES_AGGRESSIVE;
				CLANG_WARN_UNREACHABLE_CODE = YES;
				CLANG_WARN__DUPLICATE_METHOD_MATCH = YES;
				COPY_PHASE_STRIP = NO;
				DEBUG_INFORMATION_FORMAT = "dwarf-with-dsym";
				ENABLE_NS_ASSERTIONS = NO;
				ENABLE_STRICT_OBJC_MSGSEND = YES;
				GCC_C_LANGUAGE_STANDARD = gnu11;
				GCC_NO_COMMON_BLOCKS = YES;
				GCC_WARN_64_TO_32_BIT_CONVERSION = YES;
				GCC_WARN_ABOUT_RETURN_TYPE = YES_ERROR;
				GCC_WARN_UNDECLARED_SELECTOR = YES;
				GCC_WARN_UNINITIALIZED_AUTOS = YES_AGGRESSIVE;
				GCC_WARN_UNUSED_FUNCTION = YES;
				GCC_WARN_UNUSED_VARIABLE = YES;
				IPHONEOS_DEPLOYMENT_TARGET = 14.4;
				MTL_ENABLE_DEBUG_INFO = NO;
				MTL_FAST_MATH = YES;
				SDKROOT = iphoneos;
				SWIFT_COMPILATION_MODE = wholemodule;
				SWIFT_OPTIMIZATION_LEVEL = "-O";
				VALIDATE_PRODUCT = YES;
			};
			name = Release;
		};
		765012C526692D81000B3BC8 /* Debug */ = {
			isa = XCBuildConfiguration;
			buildSettings = {
				ASSETCATALOG_COMPILER_APPICON_NAME = AppIcon;
				ASSETCATALOG_COMPILER_GLOBAL_ACCENT_COLOR_NAME = AccentColor;
				CODE_SIGN_STYLE = Automatic;
				DEVELOPMENT_TEAM = 97RMPGAK3X;
				INFOPLIST_FILE = Spotify/Info.plist;
				LD_RUNPATH_SEARCH_PATHS = (
					"$(inherited)",
					"@executable_path/Frameworks",
				);
				PRODUCT_BUNDLE_IDENTIFIER = com.ivankamenev.Spotify;
				PRODUCT_NAME = "$(TARGET_NAME)";
				SWIFT_VERSION = 5.0;
				TARGETED_DEVICE_FAMILY = "1,2";
			};
			name = Debug;
		};
		765012C626692D81000B3BC8 /* Release */ = {
			isa = XCBuildConfiguration;
			buildSettings = {
				ASSETCATALOG_COMPILER_APPICON_NAME = AppIcon;
				ASSETCATALOG_COMPILER_GLOBAL_ACCENT_COLOR_NAME = AccentColor;
				CODE_SIGN_STYLE = Automatic;
				DEVELOPMENT_TEAM = 97RMPGAK3X;
				INFOPLIST_FILE = Spotify/Info.plist;
				LD_RUNPATH_SEARCH_PATHS = (
					"$(inherited)",
					"@executable_path/Frameworks",
				);
				PRODUCT_BUNDLE_IDENTIFIER = com.ivankamenev.Spotify;
				PRODUCT_NAME = "$(TARGET_NAME)";
				SWIFT_VERSION = 5.0;
				TARGETED_DEVICE_FAMILY = "1,2";
			};
			name = Release;
		};
/* End XCBuildConfiguration section */

/* Begin XCConfigurationList section */
		765012AB26692D7E000B3BC8 /* Build configuration list for PBXProject "Spotify" */ = {
			isa = XCConfigurationList;
			buildConfigurations = (
				765012C226692D81000B3BC8 /* Debug */,
				765012C326692D81000B3BC8 /* Release */,
			);
			defaultConfigurationIsVisible = 0;
			defaultConfigurationName = Release;
		};
		765012C426692D81000B3BC8 /* Build configuration list for PBXNativeTarget "Spotify" */ = {
			isa = XCConfigurationList;
			buildConfigurations = (
				765012C526692D81000B3BC8 /* Debug */,
				765012C626692D81000B3BC8 /* Release */,
			);
			defaultConfigurationIsVisible = 0;
			defaultConfigurationName = Release;
		};
/* End XCConfigurationList section */
	};
	rootObject = 765012A826692D7E000B3BC8 /* Project object */;
}
